// !$*UTF8*$!
{
	archiveVersion = 1;
	classes = {
	};
	objectVersion = 46;
	objects = {

/* Begin PBXBuildFile section */
		39023EB619CEBDA400B5EB19 /* AppDelegate.swift in Sources */ = {isa = PBXBuildFile; fileRef = 39023EB519CEBDA400B5EB19 /* AppDelegate.swift */; };
		39023EB919CEBDA400B5EB19 /* FollowMyGPS.xcdatamodeld in Sources */ = {isa = PBXBuildFile; fileRef = 39023EB719CEBDA400B5EB19 /* FollowMyGPS.xcdatamodeld */; };
		39023EBB19CEBDA400B5EB19 /* ViewController.swift in Sources */ = {isa = PBXBuildFile; fileRef = 39023EBA19CEBDA400B5EB19 /* ViewController.swift */; };
		39023EBE19CEBDA400B5EB19 /* Main.storyboard in Resources */ = {isa = PBXBuildFile; fileRef = 39023EBC19CEBDA400B5EB19 /* Main.storyboard */; };
		39023EC019CEBDA400B5EB19 /* Images.xcassets in Resources */ = {isa = PBXBuildFile; fileRef = 39023EBF19CEBDA400B5EB19 /* Images.xcassets */; };
		39023ECC19CEBDA400B5EB19 /* FollowMyGPSTests.swift in Sources */ = {isa = PBXBuildFile; fileRef = 39023ECB19CEBDA400B5EB19 /* FollowMyGPSTests.swift */; };
		39DE1FF519CF38480029016C /* CoreLocation.framework in Frameworks */ = {isa = PBXBuildFile; fileRef = 39DE1FF419CF38480029016C /* CoreLocation.framework */; };
/* End PBXBuildFile section */

/* Begin PBXContainerItemProxy section */
		39023EC619CEBDA400B5EB19 /* PBXContainerItemProxy */ = {
			isa = PBXContainerItemProxy;
			containerPortal = 39023EA819CEBDA300B5EB19 /* Project object */;
			proxyType = 1;
			remoteGlobalIDString = 39023EAF19CEBDA300B5EB19;
			remoteInfo = FollowMyGPS;
		};
/* End PBXContainerItemProxy section */

/* Begin PBXFileReference section */
		39023EB019CEBDA300B5EB19 /* FollowMyGPS.app */ = {isa = PBXFileReference; explicitFileType = wrapper.application; includeInIndex = 0; path = FollowMyGPS.app; sourceTree = BUILT_PRODUCTS_DIR; };
		39023EB419CEBDA400B5EB19 /* Info.plist */ = {isa = PBXFileReference; lastKnownFileType = text.plist.xml; path = Info.plist; sourceTree = "<group>"; };
		39023EB519CEBDA400B5EB19 /* AppDelegate.swift */ = {isa = PBXFileReference; lastKnownFileType = sourcecode.swift; path = AppDelegate.swift; sourceTree = "<group>"; };
		39023EB819CEBDA400B5EB19 /* FollowMyGPS.xcdatamodel */ = {isa = PBXFileReference; lastKnownFileType = wrapper.xcdatamodel; path = FollowMyGPS.xcdatamodel; sourceTree = "<group>"; };
		39023EBA19CEBDA400B5EB19 /* ViewController.swift */ = {isa = PBXFileReference; lastKnownFileType = sourcecode.swift; path = ViewController.swift; sourceTree = "<group>"; };
		39023EBD19CEBDA400B5EB19 /* Base */ = {isa = PBXFileReference; lastKnownFileType = file.storyboard; name = Base; path = Base.lproj/Main.storyboard; sourceTree = "<group>"; };
		39023EBF19CEBDA400B5EB19 /* Images.xcassets */ = {isa = PBXFileReference; lastKnownFileType = folder.assetcatalog; path = Images.xcassets; sourceTree = "<group>"; };
		39023EC519CEBDA400B5EB19 /* FollowMyGPSTests.xctest */ = {isa = PBXFileReference; explicitFileType = wrapper.cfbundle; includeInIndex = 0; path = FollowMyGPSTests.xctest; sourceTree = BUILT_PRODUCTS_DIR; };
		39023ECA19CEBDA400B5EB19 /* Info.plist */ = {isa = PBXFileReference; lastKnownFileType = text.plist.xml; path = Info.plist; sourceTree = "<group>"; };
		39023ECB19CEBDA400B5EB19 /* FollowMyGPSTests.swift */ = {isa = PBXFileReference; lastKnownFileType = sourcecode.swift; path = FollowMyGPSTests.swift; sourceTree = "<group>"; };
		39DE1FF419CF38480029016C /* CoreLocation.framework */ = {isa = PBXFileReference; lastKnownFileType = wrapper.framework; name = CoreLocation.framework; path = System/Library/Frameworks/CoreLocation.framework; sourceTree = SDKROOT; };
/* End PBXFileReference section */

/* Begin PBXFrameworksBuildPhase section */
		39023EAD19CEBDA300B5EB19 /* Frameworks */ = {
			isa = PBXFrameworksBuildPhase;
			buildActionMask = 2147483647;
			files = (
				39DE1FF519CF38480029016C /* CoreLocation.framework in Frameworks */,
			);
			runOnlyForDeploymentPostprocessing = 0;
		};
		39023EC219CEBDA400B5EB19 /* Frameworks */ = {
			isa = PBXFrameworksBuildPhase;
			buildActionMask = 2147483647;
			files = (
			);
			runOnlyForDeploymentPostprocessing = 0;
		};
/* End PBXFrameworksBuildPhase section */

/* Begin PBXGroup section */
		39023EA719CEBDA300B5EB19 = {
			isa = PBXGroup;
			children = (
				39DE1FF419CF38480029016C /* CoreLocation.framework */,
				39023EB219CEBDA300B5EB19 /* FollowMyGPS */,
				39023EC819CEBDA400B5EB19 /* FollowMyGPSTests */,
				39023EB119CEBDA300B5EB19 /* Products */,
			);
			sourceTree = "<group>";
		};
		39023EB119CEBDA300B5EB19 /* Products */ = {
			isa = PBXGroup;
			children = (
				39023EB019CEBDA300B5EB19 /* FollowMyGPS.app */,
				39023EC519CEBDA400B5EB19 /* FollowMyGPSTests.xctest */,
			);
			name = Products;
			sourceTree = "<group>";
		};
		39023EB219CEBDA300B5EB19 /* FollowMyGPS */ = {
			isa = PBXGroup;
			children = (
				39023EB519CEBDA400B5EB19 /* AppDelegate.swift */,
				39023EBA19CEBDA400B5EB19 /* ViewController.swift */,
				39023EBC19CEBDA400B5EB19 /* Main.storyboard */,
				39023EBF19CEBDA400B5EB19 /* Images.xcassets */,
				39023EB719CEBDA400B5EB19 /* FollowMyGPS.xcdatamodeld */,
				39023EB319CEBDA300B5EB19 /* Supporting Files */,
			);
			path = FollowMyGPS;
			sourceTree = "<group>";
		};
		39023EB319CEBDA300B5EB19 /* Supporting Files */ = {
			isa = PBXGroup;
			children = (
				39023EB419CEBDA400B5EB19 /* Info.plist */,
			);
			name = "Supporting Files";
			sourceTree = "<group>";
		};
		39023EC819CEBDA400B5EB19 /* FollowMyGPSTests */ = {
			isa = PBXGroup;
			children = (
				39023ECB19CEBDA400B5EB19 /* FollowMyGPSTests.swift */,
				39023EC919CEBDA400B5EB19 /* Supporting Files */,
			);
			path = FollowMyGPSTests;
			sourceTree = "<group>";
		};
		39023EC919CEBDA400B5EB19 /* Supporting Files */ = {
			isa = PBXGroup;
			children = (
				39023ECA19CEBDA400B5EB19 /* Info.plist */,
			);
			name = "Supporting Files";
			sourceTree = "<group>";
		};
/* End PBXGroup section */

/* Begin PBXNativeTarget section */
		39023EAF19CEBDA300B5EB19 /* FollowMyGPS */ = {
			isa = PBXNativeTarget;
			buildConfigurationList = 39023ECF19CEBDA400B5EB19 /* Build configuration list for PBXNativeTarget "FollowMyGPS" */;
			buildPhases = (
				39023EAC19CEBDA300B5EB19 /* Sources */,
				39023EAD19CEBDA300B5EB19 /* Frameworks */,
				39023EAE19CEBDA300B5EB19 /* Resources */,
			);
			buildRules = (
			);
			dependencies = (
			);
			name = FollowMyGPS;
			productName = FollowMyGPS;
			productReference = 39023EB019CEBDA300B5EB19 /* FollowMyGPS.app */;
			productType = "com.apple.product-type.application";
		};
		39023EC419CEBDA400B5EB19 /* FollowMyGPSTests */ = {
			isa = PBXNativeTarget;
			buildConfigurationList = 39023ED219CEBDA400B5EB19 /* Build configuration list for PBXNativeTarget "FollowMyGPSTests" */;
			buildPhases = (
				39023EC119CEBDA400B5EB19 /* Sources */,
				39023EC219CEBDA400B5EB19 /* Frameworks */,
				39023EC319CEBDA400B5EB19 /* Resources */,
			);
			buildRules = (
			);
			dependencies = (
				39023EC719CEBDA400B5EB19 /* PBXTargetDependency */,
			);
			name = FollowMyGPSTests;
			productName = FollowMyGPSTests;
			productReference = 39023EC519CEBDA400B5EB19 /* FollowMyGPSTests.xctest */;
			productType = "com.apple.product-type.bundle.unit-test";
		};
/* End PBXNativeTarget section */

/* Begin PBXProject section */
		39023EA819CEBDA300B5EB19 /* Project object */ = {
			isa = PBXProject;
			attributes = {
				LastUpgradeCheck = 0600;
				ORGANIZATIONNAME = Sathiya;
				TargetAttributes = {
					39023EAF19CEBDA300B5EB19 = {
						CreatedOnToolsVersion = 6.0;
					};
					39023EC419CEBDA400B5EB19 = {
						CreatedOnToolsVersion = 6.0;
						TestTargetID = 39023EAF19CEBDA300B5EB19;
					};
				};
			};
			buildConfigurationList = 39023EAB19CEBDA300B5EB19 /* Build configuration list for PBXProject "FollowMyGPS" */;
			compatibilityVersion = "Xcode 3.2";
			developmentRegion = English;
			hasScannedForEncodings = 0;
			knownRegions = (
				en,
				Base,
			);
			mainGroup = 39023EA719CEBDA300B5EB19;
			productRefGroup = 39023EB119CEBDA300B5EB19 /* Products */;
			projectDirPath = "";
			projectRoot = "";
			targets = (
				39023EAF19CEBDA300B5EB19 /* FollowMyGPS */,
				39023EC419CEBDA400B5EB19 /* FollowMyGPSTests */,
			);
		};
/* End PBXProject section */

/* Begin PBXResourcesBuildPhase section */
		39023EAE19CEBDA300B5EB19 /* Resources */ = {
			isa = PBXResourcesBuildPhase;
			buildActionMask = 2147483647;
			files = (
				39023EBE19CEBDA400B5EB19 /* Main.storyboard in Resources */,
				39023EC019CEBDA400B5EB19 /* Images.xcassets in Resources */,
			);
			runOnlyForDeploymentPostprocessing = 0;
		};
		39023EC319CEBDA400B5EB19 /* Resources */ = {
			isa = PBXResourcesBuildPhase;
			buildActionMask = 2147483647;
			files = (
			);
			runOnlyForDeploymentPostprocessing = 0;
		};
/* End PBXResourcesBuildPhase section */

/* Begin PBXSourcesBuildPhase section */
		39023EAC19CEBDA300B5EB19 /* Sources */ = {
			isa = PBXSourcesBuildPhase;
			buildActionMask = 2147483647;
			files = (
				39023EBB19CEBDA400B5EB19 /* ViewController.swift in Sources */,
				39023EB619CEBDA400B5EB19 /* AppDelegate.swift in Sources */,
				39023EB919CEBDA400B5EB19 /* FollowMyGPS.xcdatamodeld in Sources */,
			);
			runOnlyForDeploymentPostprocessing = 0;
		};
		39023EC119CEBDA400B5EB19 /* Sources */ = {
			isa = PBXSourcesBuildPhase;
			buildActionMask = 2147483647;
			files = (
				39023ECC19CEBDA400B5EB19 /* FollowMyGPSTests.swift in Sources */,
			);
			runOnlyForDeploymentPostprocessing = 0;
		};
/* End PBXSourcesBuildPhase section */

/* Begin PBXTargetDependency section */
		39023EC719CEBDA400B5EB19 /* PBXTargetDependency */ = {
			isa = PBXTargetDependency;
			target = 39023EAF19CEBDA300B5EB19 /* FollowMyGPS */;
			targetProxy = 39023EC619CEBDA400B5EB19 /* PBXContainerItemProxy */;
		};
/* End PBXTargetDependency section */

/* Begin PBXVariantGroup section */
		39023EBC19CEBDA400B5EB19 /* Main.storyboard */ = {
			isa = PBXVariantGroup;
			children = (
				39023EBD19CEBDA400B5EB19 /* Base */,
			);
			name = Main.storyboard;
			sourceTree = "<group>";
		};
/* End PBXVariantGroup section */

/* Begin XCBuildConfiguration section */
		39023ECD19CEBDA400B5EB19 /* Debug */ = {
			isa = XCBuildConfiguration;
			buildSettings = {
				ALWAYS_SEARCH_USER_PATHS = NO;
				CLANG_CXX_LANGUAGE_STANDARD = "gnu++0x";
				CLANG_CXX_LIBRARY = "libc++";
				CLANG_ENABLE_MODULES = YES;
				CLANG_ENABLE_OBJC_ARC = YES;
				CLANG_WARN_BOOL_CONVERSION = YES;
				CLANG_WARN_CONSTANT_CONVERSION = YES;
				CLANG_WARN_DIRECT_OBJC_ISA_USAGE = YES_ERROR;
				CLANG_WARN_EMPTY_BODY = YES;
				CLANG_WARN_ENUM_CONVERSION = YES;
				CLANG_WARN_INT_CONVERSION = YES;
				CLANG_WARN_OBJC_ROOT_CLASS = YES_ERROR;
				CLANG_WARN_UNREACHABLE_CODE = YES;
				CLANG_WARN__DUPLICATE_METHOD_MATCH = YES;
				"CODE_SIGN_IDENTITY[sdk=iphoneos*]" = "iPhone Developer";
				COPY_PHASE_STRIP = NO;
				ENABLE_STRICT_OBJC_MSGSEND = YES;
				GCC_C_LANGUAGE_STANDARD = gnu99;
				GCC_DYNAMIC_NO_PIC = NO;
				GCC_OPTIMIZATION_LEVEL = 0;
				GCC_PREPROCESSOR_DEFINITIONS = (
					"DEBUG=1",
					"$(inherited)",
				);
				GCC_SYMBOLS_PRIVATE_EXTERN = NO;
				GCC_WARN_64_TO_32_BIT_CONVERSION = YES;
				GCC_WARN_ABOUT_RETURN_TYPE = YES_ERROR;
				GCC_WARN_UNDECLARED_SELECTOR = YES;
				GCC_WARN_UNINITIALIZED_AUTOS = YES_AGGRESSIVE;
				GCC_WARN_UNUSED_FUNCTION = YES;
				GCC_WARN_UNUSED_VARIABLE = YES;
				IPHONEOS_DEPLOYMENT_TARGET = 8.0;
				MTL_ENABLE_DEBUG_INFO = YES;
				ONLY_ACTIVE_ARCH = YES;
				SDKROOT = iphoneos;
				SWIFT_OPTIMIZATION_LEVEL = "-Onone";
				TARGETED_DEVICE_FAMILY = "1,2";
			};
			name = Debug;
		};
		39023ECE19CEBDA400B5EB19 /* Release */ = {
			isa = XCBuildConfiguration;
			buildSettings = {
				ALWAYS_SEARCH_USER_PATHS = NO;
				CLANG_CXX_LANGUAGE_STANDARD = "gnu++0x";
				CLANG_CXX_LIBRARY = "libc++";
				CLANG_ENABLE_MODULES = YES;
				CLANG_ENABLE_OBJC_ARC = YES;
				CLANG_WARN_BOOL_CONVERSION = YES;
				CLANG_WARN_CONSTANT_CONVERSION = YES;
				CLANG_WARN_DIRECT_OBJC_ISA_USAGE = YES_ERROR;
				CLANG_WARN_EMPTY_BODY = YES;
				CLANG_WARN_ENUM_CONVERSION = YES;
				CLANG_WARN_INT_CONVERSION = YES;
				CLANG_WARN_OBJC_ROOT_CLASS = YES_ERROR;
				CLANG_WARN_UNREACHABLE_CODE = YES;
				CLANG_WARN__DUPLICATE_METHOD_MATCH = YES;
				"CODE_SIGN_IDENTITY[sdk=iphoneos*]" = "iPhone Developer";
				COPY_PHASE_STRIP = YES;
				ENABLE_NS_ASSERTIONS = NO;
				ENABLE_STRICT_OBJC_MSGSEND = YES;
				GCC_C_LANGUAGE_STANDARD = gnu99;
				GCC_WARN_64_TO_32_BIT_CONVERSION = YES;
				GCC_WARN_ABOUT_RETURN_TYPE = YES_ERROR;
				GCC_WARN_UNDECLARED_SELECTOR = YES;
				GCC_WARN_UNINITIALIZED_AUTOS = YES_AGGRESSIVE;
				GCC_WARN_UNUSED_FUNCTION = YES;
				GCC_WARN_UNUSED_VARIABLE = YES;
				IPHONEOS_DEPLOYMENT_TARGET = 8.0;
				MTL_ENABLE_DEBUG_INFO = NO;
				SDKROOT = iphoneos;
				TARGETED_DEVICE_FAMILY = "1,2";
				VALIDATE_PRODUCT = YES;
			};
			name = Release;
		};
		39023ED019CEBDA400B5EB19 /* Debug */ = {
			isa = XCBuildConfiguration;
			buildSettings = {
				ASSETCATALOG_COMPILER_APPICON_NAME = AppIcon;
				ASSETCATALOG_COMPILER_LAUNCHIMAGE_NAME = LaunchImage;
				CODE_SIGN_IDENTITY = "iPhone Distribution: Cognizant Technology Solutions India Pvt Ltd/";
				INFOPLIST_FILE = FollowMyGPS/Info.plist;
				IPHONEOS_DEPLOYMENT_TARGET = 7.0;
				LD_RUNPATH_SEARCH_PATHS = "$(inherited) @executable_path/Frameworks";
				PRODUCT_NAME = "$(TARGET_NAME)";
				PROVISIONING_PROFILE = "6E19F26E-B433-43B0-AB19-FBDABF0E900F";
			};
			name = Debug;
		};
		39023ED119CEBDA400B5EB19 /* Release */ = {
			isa = XCBuildConfiguration;
			buildSettings = {
				ASSETCATALOG_COMPILER_APPICON_NAME = AppIcon;
				ASSETCATALOG_COMPILER_LAUNCHIMAGE_NAME = LaunchImage;
				CODE_SIGN_IDENTITY = "iPhone Distribution: Cognizant Technology Solutions India Pvt Ltd/";
				INFOPLIST_FILE = FollowMyGPS/Info.plist;
				IPHONEOS_DEPLOYMENT_TARGET = 7.0;
				LD_RUNPATH_SEARCH_PATHS = "$(inherited) @executable_path/Frameworks";
				PRODUCT_NAME = "$(TARGET_NAME)";
				PROVISIONING_PROFILE = "6E19F26E-B433-43B0-AB19-FBDABF0E900F";
			};
			name = Release;
		};
		39023ED319CEBDA400B5EB19 /* Debug */ = {
			isa = XCBuildConfiguration;
			buildSettings = {
				BUNDLE_LOADER = "$(BUILT_PRODUCTS_DIR)/FollowMyGPS.app/FollowMyGPS";
				FRAMEWORK_SEARCH_PATHS = (
					"$(SDKROOT)/Developer/Library/Frameworks",
					"$(inherited)",
				);
				GCC_PREPROCESSOR_DEFINITIONS = (
					"DEBUG=1",
					"$(inherited)",
				);
				INFOPLIST_FILE = FollowMyGPSTests/Info.plist;
				LD_RUNPATH_SEARCH_PATHS = "$(inherited) @executable_path/Frameworks @loader_path/Frameworks";
				PRODUCT_NAME = "$(TARGET_NAME)";
				TEST_HOST = "$(BUNDLE_LOADER)";
			};
			name = Debug;
		};
		39023ED419CEBDA400B5EB19 /* Release */ = {
			isa = XCBuildConfiguration;
			buildSettings = {
				BUNDLE_LOADER = "$(BUILT_PRODUCTS_DIR)/FollowMyGPS.app/FollowMyGPS";
				FRAMEWORK_SEARCH_PATHS = (
					"$(SDKROOT)/Developer/Library/Frameworks",
					"$(inherited)",
				);
				INFOPLIST_FILE = FollowMyGPSTests/Info.plist;
				LD_RUNPATH_SEARCH_PATHS = "$(inherited) @executable_path/Frameworks @loader_path/Frameworks";
				PRODUCT_NAME = "$(TARGET_NAME)";
				TEST_HOST = "$(BUNDLE_LOADER)";
			};
			name = Release;
		};
/* End XCBuildConfiguration section */

/* Begin XCConfigurationList section */
		39023EAB19CEBDA300B5EB19 /* Build configuration list for PBXProject "FollowMyGPS" */ = {
			isa = XCConfigurationList;
			buildConfigurations = (
				39023ECD19CEBDA400B5EB19 /* Debug */,
				39023ECE19CEBDA400B5EB19 /* Release */,
			);
			defaultConfigurationIsVisible = 0;
			defaultConfigurationName = Release;
		};
		39023ECF19CEBDA400B5EB19 /* Build configuration list for PBXNativeTarget "FollowMyGPS" */ = {
			isa = XCConfigurationList;
			buildConfigurations = (
				39023ED019CEBDA400B5EB19 /* Debug */,
				39023ED119CEBDA400B5EB19 /* Release */,
			);
			defaultConfigurationIsVisible = 0;
			defaultConfigurationName = Release;
		};
		39023ED219CEBDA400B5EB19 /* Build configuration list for PBXNativeTarget "FollowMyGPSTests" */ = {
			isa = XCConfigurationList;
			buildConfigurations = (
				39023ED319CEBDA400B5EB19 /* Debug */,
				39023ED419CEBDA400B5EB19 /* Release */,
			);
			defaultConfigurationIsVisible = 0;
			defaultConfigurationName = Release;
		};
/* End XCConfigurationList section */

/* Begin XCVersionGroup section */
		39023EB719CEBDA400B5EB19 /* FollowMyGPS.xcdatamodeld */ = {
			isa = XCVersionGroup;
			children = (
				39023EB819CEBDA400B5EB19 /* FollowMyGPS.xcdatamodel */,
			);
			currentVersion = 39023EB819CEBDA400B5EB19 /* FollowMyGPS.xcdatamodel */;
			path = FollowMyGPS.xcdatamodeld;
			sourceTree = "<group>";
			versionGroupType = wrapper.xcdatamodel;
		};
/* End XCVersionGroup section */
	};
	rootObject = 39023EA819CEBDA300B5EB19 /* Project object */;
}
